// !$*UTF8*$!
{
	archiveVersion = 1;
	classes = {
	};
	objectVersion = 46;
	objects = {

/* Begin PBXGroup section */
		EE009AAE18400DCE00F3E50E = {
			isa = PBXGroup;
			children = (
			);
			sourceTree = "<group>";
		};
/* End PBXGroup section */

/* Begin PBXProject section */
		EE009AAF18400DCE00F3E50E /* Project object */ = {
			isa = PBXProject;
			attributes = {
				LastUpgradeCheck = 0500;
			};
			buildConfigurationList = EE009AB218400DCE00F3E50E /* Build configuration list for PBXProject "OpenCL-Experiment" */;
			compatibilityVersion = "Xcode 3.2";
			developmentRegion = English;
			hasScannedForEncodings = 0;
			knownRegions = (
				en,
			);
			mainGroup = EE009AAE18400DCE00F3E50E;
			projectDirPath = "";
			projectRoot = "";
			targets = (
			);
		};
/* End PBXProject section */

/* Begin XCBuildConfiguration section */
		EE009AB318400DCE00F3E50E /* Debug */ = {
			isa = XCBuildConfiguration;
			buildSettings = {
			};
			name = Debug;
		};
		EE009AB418400DCE00F3E50E /* Release */ = {
			isa = XCBuildConfiguration;
			buildSettings = {
			};
			name = Release;
		};
/* End XCBuildConfiguration section */

/* Begin XCConfigurationList section */
		EE009AB218400DCE00F3E50E /* Build configuration list for PBXProject "OpenCL-Experiment" */ = {
			isa = XCConfigurationList;
			buildConfigurations = (
				EE009AB318400DCE00F3E50E /* Debug */,
				EE009AB418400DCE00F3E50E /* Release */,
			);
			defaultConfigurationIsVisible = 0;
			defaultConfigurationName = Release;
		};
/* End XCConfigurationList section */
	};
	rootObject = EE009AAF18400DCE00F3E50E /* Project object */;
}
